<?xml version="1.0" encoding="utf-8"?>
<Project ToolsVersion="4.0" xmlns="http://schemas.microsoft.com/developer/msbuild/2003">
  <ItemGroup>
    <Filter Include="源文件">
      <UniqueIdentifier>{4FC737F1-C7A5-4376-A066-2A32D752A2FF}</UniqueIdentifier>
      <Extensions>cpp;c;cc;cxx;c++;cppm;ixx;def;odl;idl;hpj;bat;asm;asmx</Extensions>
    </Filter>
    <Filter Include="头文件">
      <UniqueIdentifier>{93995380-89BD-4b04-88EB-625FBE52EBFB}</UniqueIdentifier>
      <Extensions>h;hh;hpp;hxx;h++;hm;inl;inc;ipp;xsd</Extensions>
    </Filter>
    <Filter Include="资源文件">
      <UniqueIdentifier>{67DA6AB6-F800-4c08-8B7A-83BB121AAD01}</UniqueIdentifier>
      <Extensions>rc;ico;cur;bmp;dlg;rc2;rct;bin;rgs;gif;jpg;jpeg;jpe;resx;tiff;tif;png;wav;mfcribbon-ms</Extensions>
    </Filter>
    <Filter Include="源文件\Viewer">
      <UniqueIdentifier>{c81b2933-bc79-4dd0-ab0c-d6bea83da465}</UniqueIdentifier>
    </Filter>
    <Filter Include="头文件\Viewer">
      <UniqueIdentifier>{52f493df-7a16-43c5-b8ec-ce30ec1dbf31}</UniqueIdentifier>
    </Filter>
    <Filter Include="shaders">
      <UniqueIdentifier>{dad3b243-d58c-445d-82bb-e56a7a2341d2}</UniqueIdentifier>
    </Filter>
    <Filter Include="shaders\Meshshader">
      <UniqueIdentifier>{4e4f494b-3601-4565-bb60-34cb2526f483}</UniqueIdentifier>
    </Filter>
    <Filter Include="shaders\Lineshader">
      <UniqueIdentifier>{4e769952-657d-47b0-9d51-a5857d3347c4}</UniqueIdentifier>
    </Filter>
  </ItemGroup>
  <ItemGroup>
    <ClCompile Include="main.cpp">
      <Filter>源文件</Filter>
    </ClCompile>
    <ClCompile Include="CornerTable.cpp">
      <Filter>源文件</Filter>
    </ClCompile>
    <ClCompile Include="Viewer\camera.cpp">
      <Filter>源文件\Viewer</Filter>
    </ClCompile>
    <ClCompile Include="Viewer\viewer.cpp">
      <Filter>源文件\Viewer</Filter>
    </ClCompile>
    <ClCompile Include="Viewer\scene.cpp">
      <Filter>源文件\Viewer</Filter>
    </ClCompile>
    <ClCompile Include="glad.c">
      <Filter>源文件</Filter>
    </ClCompile>
    <ClCompile Include="MyLR.cpp">
      <Filter>源文件</Filter>
    </ClCompile>
    <ClCompile Include="meshletloader.cpp">
      <Filter>源文件</Filter>
    </ClCompile>
    <ClCompile Include="MyCluster.cpp">
      <Filter>源文件</Filter>
    </ClCompile>
    <ClCompile Include="LaceWireGenerator.cpp">
      <Filter>源文件</Filter>
    </ClCompile>
    <ClCompile Include="NewCluster.cpp">
      <Filter>源文件</Filter>
    </ClCompile>
    <ClCompile Include="NewLWGenerator.cpp">
      <Filter>源文件</Filter>
    </ClCompile>
    <ClCompile Include="MeshFile.cpp">
      <Filter>源文件</Filter>
    </ClCompile>
  </ItemGroup>
  <ItemGroup>
    <ClInclude Include="CornerTable.h">
      <Filter>头文件</Filter>
    </ClInclude>
    <ClInclude Include="Viewer\camera.h">
      <Filter>头文件\Viewer</Filter>
    </ClInclude>
    <ClInclude Include="Viewer\viewer.h">
      <Filter>头文件\Viewer</Filter>
    </ClInclude>
    <ClInclude Include="Viewer\scene.h">
      <Filter>头文件\Viewer</Filter>
    </ClInclude>
    <ClInclude Include="Shader.h">
      <Filter>头文件</Filter>
    </ClInclude>
    <ClInclude Include="Viewer\viewermath.h">
      <Filter>头文件\Viewer</Filter>
    </ClInclude>
    <ClInclude Include="MyLR.h">
      <Filter>头文件</Filter>
    </ClInclude>
    <ClInclude Include="Meshlet.h">
      <Filter>头文件</Filter>
    </ClInclude>
    <ClInclude Include="MShader.h">
      <Filter>头文件</Filter>
    </ClInclude>
    <ClInclude Include="MyCluster.h">
      <Filter>头文件</Filter>
    </ClInclude>
    <ClInclude Include="LaceWireGenerator.h">
      <Filter>头文件</Filter>
    </ClInclude>
    <ClInclude Include="NewCluster.h">
      <Filter>头文件</Filter>
    </ClInclude>
    <ClInclude Include="NewLWGenerator.h">
      <Filter>头文件</Filter>
    </ClInclude>
    <ClInclude Include="MeshFile.h">
      <Filter>头文件</Filter>
    </ClInclude>
  </ItemGroup>
  <ItemGroup>
    <None Include="fragshader.glsl">
      <Filter>shaders</Filter>
    </None>
    <None Include="vertexshader.glsl">
      <Filter>shaders</Filter>
    </None>
    <None Include="geometryshader.glsl">
      <Filter>shaders</Filter>
    </None>
    <None Include="TSmeshshader.glsl">
      <Filter>shaders\Meshshader</Filter>
    </None>
    <None Include="TSfragshader.glsl">
      <Filter>shaders\Meshshader</Filter>
    </None>
    <None Include="IXmeshshader.glsl">
      <Filter>shaders\Meshshader</Filter>
    </None>
    <None Include="ringvertex.glsl">
      <Filter>shaders\Lineshader</Filter>
    </None>
    <None Include="ringfrag.glsl">
      <Filter>shaders\Lineshader</Filter>
    </None>
    <None Include="Lacemeshshader.glsl">
      <Filter>shaders\Meshshader</Filter>
    </None>
    <None Include="SimpleLaceWiremeshshader.glsl">
      <Filter>shaders\Meshshader</Filter>
    </None>
    <None Include="PointLacemeshshader.glsl">
      <Filter>shaders\Meshshader</Filter>
    </None>
    <None Include="PointSimpleLaceWiremeshshader.glsl">
      <Filter>shaders\Meshshader</Filter>
    </None>
  </ItemGroup>
  <ItemGroup>
    <Text Include="readme.md" />
    <Text Include="SCmeshshader.glsl">
      <Filter>shaders\Meshshader</Filter>
    </Text>
  </ItemGroup>
</Project>